Microsoft Visual Studio Solution File, Format Version 11.00
# Visual Studio 2008

Project("{2D192E02-859D-8185-5292-CF22BC7DB503}") = "RandomSpawn", "Assembly-CSharp.csproj", "{CDFEF329-DD4C-B0FB-14A7-0A6914EEA902}"
EndProject
Global
	GlobalSection(SolutionConfigurationPlatforms) = preSolution
		Debug|Any CPU = Debug|Any CPU
		Release|Any CPU = Release|Any CPU
	EndGlobalSection
	GlobalSection(ProjectConfigurationPlatforms) = postSolution
		{CDFEF329-DD4C-B0FB-14A7-0A6914EEA902}.Debug|Any CPU.ActiveCfg = Debug|Any CPU
		{CDFEF329-DD4C-B0FB-14A7-0A6914EEA902}.Debug|Any CPU.Build.0 = Debug|Any CPU
		{CDFEF329-DD4C-B0FB-14A7-0A6914EEA902}.Release|Any CPU.ActiveCfg = Release|Any CPU
		{CDFEF329-DD4C-B0FB-14A7-0A6914EEA902}.Release|Any CPU.Build.0 = Release|Any CPU
	EndGlobalSection
	GlobalSection(SolutionProperties) = preSolution
		HideSolutionNode = FALSE
	EndGlobalSection
	GlobalSection(MonoDevelopProperties) = preSolution
		StartupItem = Assembly-CSharp.csproj
	EndGlobalSection
EndGlobal
